
Microsoft Visual Studio Solution File, Format Version 12.00
Project("{FAE04EC0-301F-11D3-BF4B-00C04F79EFBC}") = "Day1", "src\Day1\Day1.csproj", "{776F7F29-D097-4A1F-8A98-12BFEE25F4E2}"
EndProject
Project("{FAE04EC0-301F-11D3-BF4B-00C04F79EFBC}") = "Day2", "src\Day2\Day2.csproj", "{84A27EEC-2B51-4483-873C-73C390CF4871}"
EndProject
Project("{FAE04EC0-301F-11D3-BF4B-00C04F79EFBC}") = "Day3", "src\Day3\Day3.csproj", "{A2581B8A-50A3-4220-86C1-7CE523ACB8C1}"
EndProject
Project("{FAE04EC0-301F-11D3-BF4B-00C04F79EFBC}") = "Day4", "src\Day4\Day4.csproj", "{89F8EC7B-23CE-4A91-A2D3-BFD58126BCE2}"
EndProject
Project("{FAE04EC0-301F-11D3-BF4B-00C04F79EFBC}") = "Day5", "src\Day5\Day5.csproj", "{25B6DAE0-FDEA-4CCE-89A7-B6C116374083}"
EndProject
Project("{FAE04EC0-301F-11D3-BF4B-00C04F79EFBC}") = "Day6", "src\Day6\Day6.csproj", "{901D409E-ED92-4C50-94F4-BA97A06F82C7}"
EndProject
Project("{FAE04EC0-301F-11D3-BF4B-00C04F79EFBC}") = "Day7", "src\Day7\Day7.csproj", "{F33C6C62-520B-4B7C-B925-7A00461B9F7E}"
EndProject
Project("{FAE04EC0-301F-11D3-BF4B-00C04F79EFBC}") = "Day8", "src\Day8\Day8.csproj", "{AABC20ED-0D1A-450B-9987-F76EE37EA0A6}"
EndProject
Project("{FAE04EC0-301F-11D3-BF4B-00C04F79EFBC}") = "Day9", "src\Day9\Day9.csproj", "{4E85637B-C303-4BF1-87A2-B313DE0A46F8}"
EndProject
Project("{FAE04EC0-301F-11D3-BF4B-00C04F79EFBC}") = "Day10", "src\Day10\Day10.csproj", "{15E44AAE-EB05-4675-A241-842C963CF862}"
EndProject
Project("{FAE04EC0-301F-11D3-BF4B-00C04F79EFBC}") = "Tests", "Tests\Tests.csproj", "{0826667E-9B8E-4E0F-BEF1-5A0591D6769D}"
EndProject
Project("{FAE04EC0-301F-11D3-BF4B-00C04F79EFBC}") = "Day11", "src\Day11\Day11.csproj", "{25DE0212-1733-4339-B4BD-35260BB0E723}"
EndProject
Project("{FAE04EC0-301F-11D3-BF4B-00C04F79EFBC}") = "Library", "src\Library\Library.csproj", "{34C563FA-48E8-4C15-8F9A-B8A8A372E0D5}"
EndProject
Project("{FAE04EC0-301F-11D3-BF4B-00C04F79EFBC}") = "Day12", "Day12\Day12.csproj", "{EA6FB0A2-3693-45C8-969F-FFC72C0C14E5}"
EndProject
Project("{FAE04EC0-301F-11D3-BF4B-00C04F79EFBC}") = "Day13", "src\Day13\Day13.csproj", "{9C790B17-BFCC-4FE3-9C8B-C529BB1BE4E8}"
EndProject
Global
	GlobalSection(SolutionConfigurationPlatforms) = preSolution
		Debug|Any CPU = Debug|Any CPU
		Release|Any CPU = Release|Any CPU
	EndGlobalSection
	GlobalSection(ProjectConfigurationPlatforms) = postSolution
		{776F7F29-D097-4A1F-8A98-12BFEE25F4E2}.Debug|Any CPU.ActiveCfg = Debug|Any CPU
		{776F7F29-D097-4A1F-8A98-12BFEE25F4E2}.Debug|Any CPU.Build.0 = Debug|Any CPU
		{776F7F29-D097-4A1F-8A98-12BFEE25F4E2}.Release|Any CPU.ActiveCfg = Release|Any CPU
		{776F7F29-D097-4A1F-8A98-12BFEE25F4E2}.Release|Any CPU.Build.0 = Release|Any CPU
		{84A27EEC-2B51-4483-873C-73C390CF4871}.Debug|Any CPU.ActiveCfg = Debug|Any CPU
		{84A27EEC-2B51-4483-873C-73C390CF4871}.Debug|Any CPU.Build.0 = Debug|Any CPU
		{84A27EEC-2B51-4483-873C-73C390CF4871}.Release|Any CPU.ActiveCfg = Release|Any CPU
		{84A27EEC-2B51-4483-873C-73C390CF4871}.Release|Any CPU.Build.0 = Release|Any CPU
		{A2581B8A-50A3-4220-86C1-7CE523ACB8C1}.Debug|Any CPU.ActiveCfg = Debug|Any CPU
		{A2581B8A-50A3-4220-86C1-7CE523ACB8C1}.Debug|Any CPU.Build.0 = Debug|Any CPU
		{A2581B8A-50A3-4220-86C1-7CE523ACB8C1}.Release|Any CPU.ActiveCfg = Release|Any CPU
		{A2581B8A-50A3-4220-86C1-7CE523ACB8C1}.Release|Any CPU.Build.0 = Release|Any CPU
		{89F8EC7B-23CE-4A91-A2D3-BFD58126BCE2}.Debug|Any CPU.ActiveCfg = Debug|Any CPU
		{89F8EC7B-23CE-4A91-A2D3-BFD58126BCE2}.Debug|Any CPU.Build.0 = Debug|Any CPU
		{89F8EC7B-23CE-4A91-A2D3-BFD58126BCE2}.Release|Any CPU.ActiveCfg = Release|Any CPU
		{89F8EC7B-23CE-4A91-A2D3-BFD58126BCE2}.Release|Any CPU.Build.0 = Release|Any CPU
		{25B6DAE0-FDEA-4CCE-89A7-B6C116374083}.Debug|Any CPU.ActiveCfg = Debug|Any CPU
		{25B6DAE0-FDEA-4CCE-89A7-B6C116374083}.Debug|Any CPU.Build.0 = Debug|Any CPU
		{25B6DAE0-FDEA-4CCE-89A7-B6C116374083}.Release|Any CPU.ActiveCfg = Release|Any CPU
		{25B6DAE0-FDEA-4CCE-89A7-B6C116374083}.Release|Any CPU.Build.0 = Release|Any CPU
		{901D409E-ED92-4C50-94F4-BA97A06F82C7}.Debug|Any CPU.ActiveCfg = Debug|Any CPU
		{901D409E-ED92-4C50-94F4-BA97A06F82C7}.Debug|Any CPU.Build.0 = Debug|Any CPU
		{901D409E-ED92-4C50-94F4-BA97A06F82C7}.Release|Any CPU.ActiveCfg = Release|Any CPU
		{901D409E-ED92-4C50-94F4-BA97A06F82C7}.Release|Any CPU.Build.0 = Release|Any CPU
		{F33C6C62-520B-4B7C-B925-7A00461B9F7E}.Debug|Any CPU.ActiveCfg = Debug|Any CPU
		{F33C6C62-520B-4B7C-B925-7A00461B9F7E}.Debug|Any CPU.Build.0 = Debug|Any CPU
		{F33C6C62-520B-4B7C-B925-7A00461B9F7E}.Release|Any CPU.ActiveCfg = Release|Any CPU
		{F33C6C62-520B-4B7C-B925-7A00461B9F7E}.Release|Any CPU.Build.0 = Release|Any CPU
		{AABC20ED-0D1A-450B-9987-F76EE37EA0A6}.Debug|Any CPU.ActiveCfg = Debug|Any CPU
		{AABC20ED-0D1A-450B-9987-F76EE37EA0A6}.Debug|Any CPU.Build.0 = Debug|Any CPU
		{AABC20ED-0D1A-450B-9987-F76EE37EA0A6}.Release|Any CPU.ActiveCfg = Release|Any CPU
		{AABC20ED-0D1A-450B-9987-F76EE37EA0A6}.Release|Any CPU.Build.0 = Release|Any CPU
		{4E85637B-C303-4BF1-87A2-B313DE0A46F8}.Debug|Any CPU.ActiveCfg = Debug|Any CPU
		{4E85637B-C303-4BF1-87A2-B313DE0A46F8}.Debug|Any CPU.Build.0 = Debug|Any CPU
		{4E85637B-C303-4BF1-87A2-B313DE0A46F8}.Release|Any CPU.ActiveCfg = Release|Any CPU
		{4E85637B-C303-4BF1-87A2-B313DE0A46F8}.Release|Any CPU.Build.0 = Release|Any CPU
		{15E44AAE-EB05-4675-A241-842C963CF862}.Debug|Any CPU.ActiveCfg = Debug|Any CPU
		{15E44AAE-EB05-4675-A241-842C963CF862}.Debug|Any CPU.Build.0 = Debug|Any CPU
		{15E44AAE-EB05-4675-A241-842C963CF862}.Release|Any CPU.ActiveCfg = Release|Any CPU
		{15E44AAE-EB05-4675-A241-842C963CF862}.Release|Any CPU.Build.0 = Release|Any CPU
		{0826667E-9B8E-4E0F-BEF1-5A0591D6769D}.Debug|Any CPU.ActiveCfg = Debug|Any CPU
		{0826667E-9B8E-4E0F-BEF1-5A0591D6769D}.Debug|Any CPU.Build.0 = Debug|Any CPU
		{0826667E-9B8E-4E0F-BEF1-5A0591D6769D}.Release|Any CPU.ActiveCfg = Release|Any CPU
		{0826667E-9B8E-4E0F-BEF1-5A0591D6769D}.Release|Any CPU.Build.0 = Release|Any CPU
		{25DE0212-1733-4339-B4BD-35260BB0E723}.Debug|Any CPU.ActiveCfg = Debug|Any CPU
		{25DE0212-1733-4339-B4BD-35260BB0E723}.Debug|Any CPU.Build.0 = Debug|Any CPU
		{25DE0212-1733-4339-B4BD-35260BB0E723}.Release|Any CPU.ActiveCfg = Release|Any CPU
		{25DE0212-1733-4339-B4BD-35260BB0E723}.Release|Any CPU.Build.0 = Release|Any CPU
		{34C563FA-48E8-4C15-8F9A-B8A8A372E0D5}.Debug|Any CPU.ActiveCfg = Debug|Any CPU
		{34C563FA-48E8-4C15-8F9A-B8A8A372E0D5}.Debug|Any CPU.Build.0 = Debug|Any CPU
		{34C563FA-48E8-4C15-8F9A-B8A8A372E0D5}.Release|Any CPU.ActiveCfg = Release|Any CPU
		{34C563FA-48E8-4C15-8F9A-B8A8A372E0D5}.Release|Any CPU.Build.0 = Release|Any CPU
		{EA6FB0A2-3693-45C8-969F-FFC72C0C14E5}.Debug|Any CPU.ActiveCfg = Debug|Any CPU
		{EA6FB0A2-3693-45C8-969F-FFC72C0C14E5}.Debug|Any CPU.Build.0 = Debug|Any CPU
		{EA6FB0A2-3693-45C8-969F-FFC72C0C14E5}.Release|Any CPU.ActiveCfg = Release|Any CPU
		{EA6FB0A2-3693-45C8-969F-FFC72C0C14E5}.Release|Any CPU.Build.0 = Release|Any CPU
		{9C790B17-BFCC-4FE3-9C8B-C529BB1BE4E8}.Debug|Any CPU.ActiveCfg = Debug|Any CPU
		{9C790B17-BFCC-4FE3-9C8B-C529BB1BE4E8}.Debug|Any CPU.Build.0 = Debug|Any CPU
		{9C790B17-BFCC-4FE3-9C8B-C529BB1BE4E8}.Release|Any CPU.ActiveCfg = Release|Any CPU
		{9C790B17-BFCC-4FE3-9C8B-C529BB1BE4E8}.Release|Any CPU.Build.0 = Release|Any CPU
	EndGlobalSection
EndGlobal
